# @generated - this file is auto-generated by `mise lock` https://mise.jdx.dev/dev-tools/mise-lock.html

[[tools.act]]
version = "0.2.87"
backend = "aqua:nektos/act"

[tools.act."platforms.linux-arm64"]
checksum = "sha256:c17a9fe2428a4824f61248ceb8e93db8de95d9163b0f2651ec5ccea0e6f4edc8"
url = "https://github.com/nektos/act/releases/download/v0.2.87/act_Linux_arm64.tar.gz"
url_api = "https://api.github.com/repos/nektos/act/releases/assets/385982256"

[tools.act."platforms.linux-arm64-musl"]
checksum = "sha256:c17a9fe2428a4824f61248ceb8e93db8de95d9163b0f2651ec5ccea0e6f4edc8"
url = "https://github.com/nektos/act/releases/download/v0.2.87/act_Linux_arm64.tar.gz"
url_api = "https://api.github.com/repos/nektos/act/releases/assets/385982256"

[tools.act."platforms.linux-x64"]
checksum = "sha256:9bbfca7d779f71746233ec65e47fdcb12c4c976c1c97ec085956976fcabee866"
url = "https://github.com/nektos/act/releases/download/v0.2.87/act_Linux_x86_64.tar.gz"
url_api = "https://api.github.com/repos/nektos/act/releases/assets/385982281"

[tools.act."platforms.linux-x64-musl"]
checksum = "sha256:9bbfca7d779f71746233ec65e47fdcb12c4c976c1c97ec085956976fcabee866"
url = "https://github.com/nektos/act/releases/download/v0.2.87/act_Linux_x86_64.tar.gz"
url_api = "https://api.github.com/repos/nektos/act/releases/assets/385982281"

[tools.act."platforms.macos-arm64"]
checksum = "sha256:dab0091c6f8229f955b83e3822aa24375f7a2852279d5a262446361cc3559d88"
url = "https://github.com/nektos/act/releases/download/v0.2.87/act_Darwin_arm64.tar.gz"
url_api = "https://api.github.com/repos/nektos/act/releases/assets/385982273"

[tools.act."platforms.macos-x64"]
checksum = "sha256:41077f98142b02e0bb45b181f57a068f6af86ce887d578a4da1a901b1d8f240a"
url = "https://github.com/nektos/act/releases/download/v0.2.87/act_Darwin_x86_64.tar.gz"
url_api = "https://api.github.com/repos/nektos/act/releases/assets/385982278"

[tools.act."platforms.windows-x64"]
checksum = "sha256:bb7c654b27d79fb98947e22ff846408ef8f93aab90dba6af3656b503b8811966"
url = "https://github.com/nektos/act/releases/download/v0.2.87/act_Windows_x86_64.zip"
url_api = "https://api.github.com/repos/nektos/act/releases/assets/385982274"

[[tools.actionlint]]
version = "1.7.12"
backend = "aqua:rhysd/actionlint"

[tools.actionlint."platforms.linux-arm64"]
checksum = "sha256:325e971b6ba9bfa504672e29be93c24981eeb1c07576d730e9f7c8805afff0c6"
url = "https://github.com/rhysd/actionlint/releases/download/v1.7.12/actionlint_1.7.12_linux_arm64.tar.gz"
url_api = "https://api.github.com/repos/rhysd/actionlint/releases/assets/384924897"
provenance = "github-attestations"

[tools.actionlint."platforms.linux-arm64-musl"]
checksum = "sha256:325e971b6ba9bfa504672e29be93c24981eeb1c07576d730e9f7c8805afff0c6"
url = "https://github.com/rhysd/actionlint/releases/download/v1.7.12/actionlint_1.7.12_linux_arm64.tar.gz"
url_api = "https://api.github.com/repos/rhysd/actionlint/releases/assets/384924897"
provenance = "github-attestations"

[tools.actionlint."platforms.linux-x64"]
checksum = "sha256:8aca8db96f1b94770f1b0d72b6dddcb1ebb8123cb3712530b08cc387b349a3d8"
url = "https://github.com/rhysd/actionlint/releases/download/v1.7.12/actionlint_1.7.12_linux_amd64.tar.gz"
url_api = "https://api.github.com/repos/rhysd/actionlint/releases/assets/384924896"
provenance = "github-attestations"

[tools.actionlint."platforms.linux-x64-musl"]
checksum = "sha256:8aca8db96f1b94770f1b0d72b6dddcb1ebb8123cb3712530b08cc387b349a3d8"
url = "https://github.com/rhysd/actionlint/releases/download/v1.7.12/actionlint_1.7.12_linux_amd64.tar.gz"
url_api = "https://api.github.com/repos/rhysd/actionlint/releases/assets/384924896"
provenance = "github-attestations"

[tools.actionlint."platforms.macos-arm64"]
checksum = "sha256:aba9ced2dee8d27fecca3dc7feb1a7f9a52caefa1eb46f3271ea66b6e0e6953f"
url = "https://github.com/rhysd/actionlint/releases/download/v1.7.12/actionlint_1.7.12_darwin_arm64.tar.gz"
url_api = "https://api.github.com/repos/rhysd/actionlint/releases/assets/384924893"
provenance = "github-attestations"

[tools.actionlint."platforms.macos-x64"]
checksum = "sha256:5b44c3bc2255115c9b69e30efc0fecdf498fdb63c5d58e17084fd5f16324c644"
url = "https://github.com/rhysd/actionlint/releases/download/v1.7.12/actionlint_1.7.12_darwin_amd64.tar.gz"
url_api = "https://api.github.com/repos/rhysd/actionlint/releases/assets/384924880"
provenance = "github-attestations"

[tools.actionlint."platforms.windows-x64"]
checksum = "sha256:6e7241b51e6817ea6a047693d8e6fed13b31819c9a0dd6c5a726e1592d22f6e9"
url = "https://github.com/rhysd/actionlint/releases/download/v1.7.12/actionlint_1.7.12_windows_amd64.zip"
url_api = "https://api.github.com/repos/rhysd/actionlint/releases/assets/384924919"
provenance = "github-attestations"

[[tools."aqua:sharkdp/hyperfine"]]
version = "1.20.0"
backend = "aqua:sharkdp/hyperfine"

[tools."aqua:sharkdp/hyperfine"."platforms.linux-arm64"]
checksum = "sha256:90875cb1db7a1d797c311174d061728361e58fc70e3b62262a00635ac3b1997c"
url = "https://github.com/sharkdp/hyperfine/releases/download/v1.20.0/hyperfine-v1.20.0-aarch64-unknown-linux-gnu.tar.gz"
url_api = "https://api.github.com/repos/sharkdp/hyperfine/releases/assets/317832112"

[tools."aqua:sharkdp/hyperfine"."platforms.linux-x64"]
checksum = "sha256:3285ec7959285288137043dd81dce0dde056227018a8277532d9a364b4f03c2b"
url = "https://github.com/sharkdp/hyperfine/releases/download/v1.20.0/hyperfine-v1.20.0-x86_64-unknown-linux-musl.tar.gz"
url_api = "https://api.github.com/repos/sharkdp/hyperfine/releases/assets/317832008"

[tools."aqua:sharkdp/hyperfine"."platforms.linux-x64-musl"]
checksum = "sha256:3285ec7959285288137043dd81dce0dde056227018a8277532d9a364b4f03c2b"
url = "https://github.com/sharkdp/hyperfine/releases/download/v1.20.0/hyperfine-v1.20.0-x86_64-unknown-linux-musl.tar.gz"
url_api = "https://api.github.com/repos/sharkdp/hyperfine/releases/assets/317832008"

[tools."aqua:sharkdp/hyperfine"."platforms.macos-arm64"]
checksum = "sha256:f58d0b90993fadfa122a351428c469ce24afef3865f027f0e6e86f0830d088f1"
url = "https://github.com/sharkdp/hyperfine/releases/download/v1.20.0/hyperfine-v1.20.0-x86_64-apple-darwin.tar.gz"
url_api = "https://api.github.com/repos/sharkdp/hyperfine/releases/assets/317832526"

[tools."aqua:sharkdp/hyperfine"."platforms.macos-x64"]
checksum = "sha256:f58d0b90993fadfa122a351428c469ce24afef3865f027f0e6e86f0830d088f1"
url = "https://github.com/sharkdp/hyperfine/releases/download/v1.20.0/hyperfine-v1.20.0-x86_64-apple-darwin.tar.gz"
url_api = "https://api.github.com/repos/sharkdp/hyperfine/releases/assets/317832526"

[tools."aqua:sharkdp/hyperfine"."platforms.windows-x64"]
checksum = "sha256:2508c549b049b1d4342d08edc1cb42bfac169082b6e3069431b5bab9822dbb32"
url = "https://github.com/sharkdp/hyperfine/releases/download/v1.20.0/hyperfine-v1.20.0-x86_64-pc-windows-msvc.zip"
url_api = "https://api.github.com/repos/sharkdp/hyperfine/releases/assets/317832313"

[[tools.java]]
version = "zulu-26.32.13.0"
backend = "core:java"

[tools.java."platforms.linux-arm64"]
checksum = "sha256:5b222fce0b7076a10ac7ae3b1009a6c2caf4f35bc4e81de72010af6750c5e146"
url = "https://cdn.azul.com/zulu/bin/zulu26.32.13-ca-jdk26.0.2-linux_aarch64.tar.gz"

[tools.java."platforms.linux-arm64-musl"]
checksum = "sha256:4c2b1e6fb622da78419a24d3825dc749679a7a316ab7f3972adbea07f46d8f31"
url = "https://cdn.azul.com/zulu/bin/zulu26.32.13-ca-jdk26.0.2-linux_musl_aarch64.tar.gz"

[tools.java."platforms.linux-x64"]
checksum = "sha256:4b7c114917aebd0fc6284fc7111245d7747a4d9603bd12d86b384b1abc9d575d"
url = "https://cdn.azul.com/zulu/bin/zulu26.32.13-ca-jdk26.0.2-linux_x64.tar.gz"

[tools.java."platforms.linux-x64-musl"]
checksum = "sha256:05f3533b40a244581a55b842d43bfe775f262c91986e85910b164e2582ea4140"
url = "https://cdn.azul.com/zulu/bin/zulu26.32.13-ca-jdk26.0.2-linux_musl_x64.tar.gz"

[tools.java."platforms.macos-arm64"]
checksum = "sha256:4e9958fc459d8dd72fc51b21314b20b678132fc542915d9faa88d10a4a137ba2"
url = "https://cdn.azul.com/zulu/bin/zulu26.32.13-ca-jdk26.0.2-macosx_aarch64.tar.gz"

[tools.java."platforms.macos-x64"]
checksum = "sha256:3a96262cd9ac0a606959d246fcdedbc5d96081670325cc44aede3bf5690e386c"
url = "https://cdn.azul.com/zulu/bin/zulu26.32.13-ca-jdk26.0.2-macosx_x64.tar.gz"

[tools.java."platforms.windows-x64"]
checksum = "sha256:00ca9afe6ae2038e05d0ee5ad77dd5795e0930c8ddbc97fc4843400e831798fc"
url = "https://cdn.azul.com/zulu/bin/zulu26.32.13-ca-jdk26.0.2-win_x64.zip"

[[tools.java]]
version = "zulu-8.96.0.19"
backend = "core:java"

[tools.java."platforms.linux-arm64"]
checksum = "sha256:b23296caf10d0c3db054d4a58b9dd168976991472f2203335d7c4820f98c4a4e"
url = "https://cdn.azul.com/zulu/bin/zulu8.96.0.19-ca-jdk8.0.502-linux_aarch64.tar.gz"

[tools.java."platforms.linux-arm64-musl"]
checksum = "sha256:abe8da158c4ebf34844ea3a530f9abf36d53231893d1478397ae8613e132a087"
url = "https://cdn.azul.com/zulu/bin/zulu8.96.0.19-ca-jdk8.0.502-linux_musl_aarch64.tar.gz"

[tools.java."platforms.linux-x64"]
checksum = "sha256:5923daaf12fd0b87e60e437aaae7b2e5b257846cdb8ac15065258fb59a1da70a"
url = "https://cdn.azul.com/zulu/bin/zulu8.96.0.19-ca-jdk8.0.502-linux_x64.tar.gz"

[tools.java."platforms.linux-x64-musl"]
checksum = "sha256:5d9546ddc42e72a6d0bff050dcb876fe7c3da61667a814a6e9c3e726b7a07521"
url = "https://cdn.azul.com/zulu/bin/zulu8.96.0.19-ca-jdk8.0.502-linux_musl_x64.tar.gz"

[tools.java."platforms.macos-arm64"]
checksum = "sha256:9f9e5038c638e415e507e8b5118a774822f553a56e76bdf4b042c3fbe7b69083"
url = "https://cdn.azul.com/zulu/bin/zulu8.96.0.19-ca-jdk8.0.502-macosx_aarch64.tar.gz"

[tools.java."platforms.macos-x64"]
checksum = "sha256:b29088ddb00f81db1e01d6d5bfddd44a58e46ef44b50c372cff3eb1bf5b23173"
url = "https://cdn.azul.com/zulu/bin/zulu8.96.0.19-ca-jdk8.0.502-macosx_x64.tar.gz"

[tools.java."platforms.windows-x64"]
checksum = "sha256:0d64e817ba56962d447339040f9e7bd1119f98b813d0a968e3485aab0c530a47"
url = "https://cdn.azul.com/zulu/bin/zulu8.96.0.19-ca-jdk8.0.502-win_x64.zip"

[[tools.maven]]
version = "3.9.16"
backend = "aqua:apache/maven"

[tools.maven."platforms.linux-arm64"]
checksum = "sha512:831a8591fe20c8243b1dbe7d71e3244f31d1665b0804b2e825e38cbbe5ce0cafb8338851f90780735568773e0a6cd07bbec107cda0b896b008b861075358b6f6"
url = "https://archive.apache.org/dist/maven/maven-3/3.9.16/binaries/apache-maven-3.9.16-bin.tar.gz"

[tools.maven."platforms.linux-arm64-musl"]
checksum = "sha512:831a8591fe20c8243b1dbe7d71e3244f31d1665b0804b2e825e38cbbe5ce0cafb8338851f90780735568773e0a6cd07bbec107cda0b896b008b861075358b6f6"
url = "https://archive.apache.org/dist/maven/maven-3/3.9.16/binaries/apache-maven-3.9.16-bin.tar.gz"

[tools.maven."platforms.linux-x64"]
checksum = "sha512:831a8591fe20c8243b1dbe7d71e3244f31d1665b0804b2e825e38cbbe5ce0cafb8338851f90780735568773e0a6cd07bbec107cda0b896b008b861075358b6f6"
url = "https://archive.apache.org/dist/maven/maven-3/3.9.16/binaries/apache-maven-3.9.16-bin.tar.gz"

[tools.maven."platforms.linux-x64-musl"]
checksum = "sha512:831a8591fe20c8243b1dbe7d71e3244f31d1665b0804b2e825e38cbbe5ce0cafb8338851f90780735568773e0a6cd07bbec107cda0b896b008b861075358b6f6"
url = "https://archive.apache.org/dist/maven/maven-3/3.9.16/binaries/apache-maven-3.9.16-bin.tar.gz"

[tools.maven."platforms.macos-arm64"]
checksum = "sha512:831a8591fe20c8243b1dbe7d71e3244f31d1665b0804b2e825e38cbbe5ce0cafb8338851f90780735568773e0a6cd07bbec107cda0b896b008b861075358b6f6"
url = "https://archive.apache.org/dist/maven/maven-3/3.9.16/binaries/apache-maven-3.9.16-bin.tar.gz"

[tools.maven."platforms.macos-x64"]
checksum = "sha512:831a8591fe20c8243b1dbe7d71e3244f31d1665b0804b2e825e38cbbe5ce0cafb8338851f90780735568773e0a6cd07bbec107cda0b896b008b861075358b6f6"
url = "https://archive.apache.org/dist/maven/maven-3/3.9.16/binaries/apache-maven-3.9.16-bin.tar.gz"

[tools.maven."platforms.windows-x64"]
checksum = "sha512:831a8591fe20c8243b1dbe7d71e3244f31d1665b0804b2e825e38cbbe5ce0cafb8338851f90780735568773e0a6cd07bbec107cda0b896b008b861075358b6f6"
url = "https://archive.apache.org/dist/maven/maven-3/3.9.16/binaries/apache-maven-3.9.16-bin.tar.gz"

[[tools.pinact]]
version = "3.9.0"
backend = "aqua:suzuki-shunsuke/pinact"

[tools.pinact."platforms.linux-arm64"]
checksum = "sha256:34a957423002662c6289782b571660beda6a37449a76d763c8ad8b1b9a500a54"
url = "https://github.com/suzuki-shunsuke/pinact/releases/download/v3.9.0/pinact_linux_arm64.tar.gz"
url_api = "https://api.github.com/repos/suzuki-shunsuke/pinact/releases/assets/349741709"
provenance = "github-attestations"

[tools.pinact."platforms.linux-arm64-musl"]
checksum = "sha256:34a957423002662c6289782b571660beda6a37449a76d763c8ad8b1b9a500a54"
url = "https://github.com/suzuki-shunsuke/pinact/releases/download/v3.9.0/pinact_linux_arm64.tar.gz"
url_api = "https://api.github.com/repos/suzuki-shunsuke/pinact/releases/assets/349741709"
provenance = "github-attestations"

[tools.pinact."platforms.linux-x64"]
checksum = "sha256:3829da718de38b1e914b974c3e77045a256999af84789437a7305b09130d8a6a"
url = "https://github.com/suzuki-shunsuke/pinact/releases/download/v3.9.0/pinact_linux_amd64.tar.gz"
url_api = "https://api.github.com/repos/suzuki-shunsuke/pinact/releases/assets/349741703"
provenance = "github-attestations"

[tools.pinact."platforms.linux-x64-musl"]
checksum = "sha256:3829da718de38b1e914b974c3e77045a256999af84789437a7305b09130d8a6a"
url = "https://github.com/suzuki-shunsuke/pinact/releases/download/v3.9.0/pinact_linux_amd64.tar.gz"
url_api = "https://api.github.com/repos/suzuki-shunsuke/pinact/releases/assets/349741703"
provenance = "github-attestations"

[tools.pinact."platforms.macos-arm64"]
checksum = "sha256:23c8a4eda8fd7949c8cbb1cfe6f3d01279402fe6201e9cb0a90447a5ecfdef89"
url = "https://github.com/suzuki-shunsuke/pinact/releases/download/v3.9.0/pinact_darwin_arm64.tar.gz"
url_api = "https://api.github.com/repos/suzuki-shunsuke/pinact/releases/assets/349741701"
provenance = "github-attestations"

[tools.pinact."platforms.macos-x64"]
checksum = "sha256:70f68407a05fa88843fbf9b400d979e6205489ef8af251dacc21841a07989df4"
url = "https://github.com/suzuki-shunsuke/pinact/releases/download/v3.9.0/pinact_darwin_amd64.tar.gz"
url_api = "https://api.github.com/repos/suzuki-shunsuke/pinact/releases/assets/349741699"
provenance = "github-attestations"

[tools.pinact."platforms.windows-x64"]
checksum = "sha256:b923a567f88417d79ce183e59c2a2372d9cae9b697a472ce1f95d745932746b1"
url = "https://github.com/suzuki-shunsuke/pinact/releases/download/v3.9.0/pinact_windows_amd64.zip"
url_api = "https://api.github.com/repos/suzuki-shunsuke/pinact/releases/assets/349741713"
provenance = "github-attestations"

[[tools.scorecard]]
version = "5.5.0"
backend = "aqua:ossf/scorecard"

[tools.scorecard."platforms.linux-arm64"]
checksum = "sha256:3ce59d20c1d53e540c4a14e0da1e0d96b3b294e8ddc96a3c5a7b8a637b32991e"
url = "https://github.com/ossf/scorecard/releases/download/v5.5.0/scorecard_5.5.0_linux_arm64.tar.gz"
url_api = "https://api.github.com/repos/ossf/scorecard/releases/assets/403812978"

[tools.scorecard."platforms.linux-arm64".provenance.slsa]
url = "https://github.com/ossf/scorecard/releases/download/v5.5.0/multiple.intoto.jsonl"

[tools.scorecard."platforms.linux-arm64-musl"]
checksum = "sha256:3ce59d20c1d53e540c4a14e0da1e0d96b3b294e8ddc96a3c5a7b8a637b32991e"
url = "https://github.com/ossf/scorecard/releases/download/v5.5.0/scorecard_5.5.0_linux_arm64.tar.gz"
url_api = "https://api.github.com/repos/ossf/scorecard/releases/assets/403812978"

[tools.scorecard."platforms.linux-arm64-musl".provenance.slsa]
url = "https://github.com/ossf/scorecard/releases/download/v5.5.0/multiple.intoto.jsonl"

[tools.scorecard."platforms.linux-x64"]
checksum = "sha256:83b90a05c1540ef1390db1cd5711e5fd04be9c1d8537fb84d39d02092d6a8dff"
url = "https://github.com/ossf/scorecard/releases/download/v5.5.0/scorecard_5.5.0_linux_amd64.tar.gz"
url_api = "https://api.github.com/repos/ossf/scorecard/releases/assets/403812999"

[tools.scorecard."platforms.linux-x64".provenance.slsa]
url = "https://github.com/ossf/scorecard/releases/download/v5.5.0/multiple.intoto.jsonl"

[tools.scorecard."platforms.linux-x64-musl"]
checksum = "sha256:83b90a05c1540ef1390db1cd5711e5fd04be9c1d8537fb84d39d02092d6a8dff"
url = "https://github.com/ossf/scorecard/releases/download/v5.5.0/scorecard_5.5.0_linux_amd64.tar.gz"
url_api = "https://api.github.com/repos/ossf/scorecard/releases/assets/403812999"

[tools.scorecard."platforms.linux-x64-musl".provenance.slsa]
url = "https://github.com/ossf/scorecard/releases/download/v5.5.0/multiple.intoto.jsonl"

[tools.scorecard."platforms.macos-arm64"]
checksum = "sha256:bac6371a4f810d6bdd0b65d63c3311906bdfe3ba0d76a5ea743ce24ced170fcf"
url = "https://github.com/ossf/scorecard/releases/download/v5.5.0/scorecard_5.5.0_darwin_arm64.tar.gz"
url_api = "https://api.github.com/repos/ossf/scorecard/releases/assets/403812997"

[tools.scorecard."platforms.macos-arm64".provenance.slsa]
url = "https://github.com/ossf/scorecard/releases/download/v5.5.0/multiple.intoto.jsonl"

[tools.scorecard."platforms.macos-x64"]
checksum = "sha256:979487ca20e726f6a4d2bd63a0a4c544184f589724b3d12d2ba8d0ea80889063"
url = "https://github.com/ossf/scorecard/releases/download/v5.5.0/scorecard_5.5.0_darwin_amd64.tar.gz"
url_api = "https://api.github.com/repos/ossf/scorecard/releases/assets/403812977"

[tools.scorecard."platforms.macos-x64".provenance.slsa]
url = "https://github.com/ossf/scorecard/releases/download/v5.5.0/multiple.intoto.jsonl"

[tools.scorecard."platforms.windows-x64"]
checksum = "sha256:21ca42b37260785e670c58f602b483510099e7b1988e3c6eb5005f143dc2a2ab"
url = "https://github.com/ossf/scorecard/releases/download/v5.5.0/scorecard_5.5.0_windows_amd64.tar.gz"
url_api = "https://api.github.com/repos/ossf/scorecard/releases/assets/403812975"

[tools.scorecard."platforms.windows-x64".provenance.slsa]
url = "https://github.com/ossf/scorecard/releases/download/v5.5.0/multiple.intoto.jsonl"

[[tools.shellcheck]]
version = "0.11.0"
backend = "aqua:koalaman/shellcheck"

[tools.shellcheck."platforms.linux-arm64"]
checksum = "sha256:12b331c1d2db6b9eb13cfca64306b1b157a86eb69db83023e261eaa7e7c14588"
url = "https://github.com/koalaman/shellcheck/releases/download/v0.11.0/shellcheck-v0.11.0.linux.aarch64.tar.xz"
url_api = "https://api.github.com/repos/koalaman/shellcheck/releases/assets/279056934"

[tools.shellcheck."platforms.linux-arm64-musl"]
checksum = "sha256:12b331c1d2db6b9eb13cfca64306b1b157a86eb69db83023e261eaa7e7c14588"
url = "https://github.com/koalaman/shellcheck/releases/download/v0.11.0/shellcheck-v0.11.0.linux.aarch64.tar.xz"
url_api = "https://api.github.com/repos/koalaman/shellcheck/releases/assets/279056934"

[tools.shellcheck."platforms.linux-x64"]
checksum = "sha256:8c3be12b05d5c177a04c29e3c78ce89ac86f1595681cab149b65b97c4e227198"
url = "https://github.com/koalaman/shellcheck/releases/download/v0.11.0/shellcheck-v0.11.0.linux.x86_64.tar.xz"
url_api = "https://api.github.com/repos/koalaman/shellcheck/releases/assets/279056942"

[tools.shellcheck."platforms.linux-x64-musl"]
checksum = "sha256:8c3be12b05d5c177a04c29e3c78ce89ac86f1595681cab149b65b97c4e227198"
url = "https://github.com/koalaman/shellcheck/releases/download/v0.11.0/shellcheck-v0.11.0.linux.x86_64.tar.xz"
url_api = "https://api.github.com/repos/koalaman/shellcheck/releases/assets/279056942"

[tools.shellcheck."platforms.macos-arm64"]
checksum = "sha256:56affdd8de5527894dca6dc3d7e0a99a873b0f004d7aabc30ae407d3f48b0a79"
url = "https://github.com/koalaman/shellcheck/releases/download/v0.11.0/shellcheck-v0.11.0.darwin.aarch64.tar.xz"
url_api = "https://api.github.com/repos/koalaman/shellcheck/releases/assets/279056932"

[tools.shellcheck."platforms.macos-x64"]
checksum = "sha256:3c89db4edcab7cf1c27bff178882e0f6f27f7afdf54e859fa041fca10febe4c6"
url = "https://github.com/koalaman/shellcheck/releases/download/v0.11.0/shellcheck-v0.11.0.darwin.x86_64.tar.xz"
url_api = "https://api.github.com/repos/koalaman/shellcheck/releases/assets/279056930"

[tools.shellcheck."platforms.windows-x64"]
checksum = "sha256:8a4e35ab0b331c85d73567b12f2a444df187f483e5079ceffa6bda1faa2e740e"
url = "https://github.com/koalaman/shellcheck/releases/download/v0.11.0/shellcheck-v0.11.0.zip"
url_api = "https://api.github.com/repos/koalaman/shellcheck/releases/assets/279056944"
